{
  "pins" : [
    {
      "identity" : "shrimpextensions",
      "kind" : "remoteSourceControl",
      "location" : "https://github.com/kamaal111/ShrimpExtensions.git",
      "state" : {
        "revision" : "4a157eb4dc6dbd9d657955e0ca948e55873d997d",
        "version" : "2.8.0"
      }
    }
  ],
  "version" : 2
}
